
Microsoft Visual Studio Solution File, Format Version 12.00
# Visual Studio Version 16
VisualStudioVersion = 16.0.30804.86
MinimumVisualStudioVersion = 10.0.40219.1
Project("{FAE04EC0-301F-11D3-BF4B-00C04F79EFBC}") = "MamaFood", "MamaFood.csproj", "{0BE149D9-C625-4026-AB2A-F7297AED421F}"
EndProject
Global
	GlobalSection(SolutionConfigurationPlatforms) = preSolution
		Debug|Any CPU = Debug|Any CPU
		Release|Any CPU = Release|Any CPU
	EndGlobalSection
	GlobalSection(ProjectConfigurationPlatforms) = postSolution
		{0BE149D9-C625-4026-AB2A-F7297AED421F}.Debug|Any CPU.ActiveCfg = Debug|Any CPU
		{0BE149D9-C625-4026-AB2A-F7297AED421F}.Debug|Any CPU.Build.0 = Debug|Any CPU
		{0BE149D9-C625-4026-AB2A-F7297AED421F}.Release|Any CPU.ActiveCfg = Release|Any CPU
		{0BE149D9-C625-4026-AB2A-F7297AED421F}.Release|Any CPU.Build.0 = Release|Any CPU
	EndGlobalSection
	GlobalSection(SolutionProperties) = preSolution
		HideSolutionNode = FALSE
	EndGlobalSection
	GlobalSection(ExtensibilityGlobals) = postSolution
		SolutionGuid = {3ACBF0DD-207E-4E27-B351-5C02310B4A73}
	EndGlobalSection
EndGlobal
